
Microsoft Visual Studio Solution File, Format Version 12.00
# Visual Studio Version 16
VisualStudioVersion = 16.0.28407.52
MinimumVisualStudioVersion = 10.0.40219.1
Project("{8BC9CEB8-8B4A-11D0-8D11-00A0C91BC942}") = "gtaRenderHook", "gtaRenderHook\gtaRenderHook.vcxproj", "{3CA3B947-CCFD-4E98-9B49-DE94ECDDB466}"
EndProject
Project("{8BC9CEB8-8B4A-11D0-8D11-00A0C91BC942}") = "RHEngineLib", "RHEngineLib\RHEngineLib.vcxproj", "{62D003A2-7DEB-47C6-BA8F-6754CBAED312}"
EndProject
Project("{2150E333-8FDC-42A3-9474-1A3956D46DE8}") = "Tests", "Tests", "{100D6E3B-3978-4465-9714-92AE706CD317}"
EndProject
Project("{8BC9CEB8-8B4A-11D0-8D11-00A0C91BC942}") = "ClearScreenTest", "Tests\ClearScreenTest\ClearScreenTest.vcxproj", "{61858A10-1356-4B30-A033-6E79DC9936B2}"
EndProject
Project("{8BC9CEB8-8B4A-11D0-8D11-00A0C91BC942}") = "Im2DTest_A", "Tests\Im2DTest_A\Im2DTest_A.vcxproj", "{FAA1D3F8-6BB4-43AD-897E-B744B53A1570}"
EndProject
Project("{8BC9CEB8-8B4A-11D0-8D11-00A0C91BC942}") = "RenderHookTestTemplate", "Tests\RenderHookTestTemplate\RenderHookTestTemplate.vcxproj", "{428B3B7A-3988-4B9B-A5FA-9FBEBD3C63A1}"
EndProject
Project("{8BC9CEB8-8B4A-11D0-8D11-00A0C91BC942}") = "SimpleRayTracing", "Tests\SimpleRayTracing\SimpleRayTracing.vcxproj", "{31B6F20D-4A49-4352-AAB4-1A386898D8DA}"
EndProject
Project("{8BC9CEB8-8B4A-11D0-8D11-00A0C91BC942}") = "TextureLoadingTest", "Tests\TextureLoadingTest\TextureLoadingTest.vcxproj", "{0BE81428-4ADE-411E-9932-9751030472E3}"
EndProject
Project("{8BC9CEB8-8B4A-11D0-8D11-00A0C91BC942}") = "gta3_render_hook", "gta3_render_hook\gta3_render_hook.vcxproj", "{92676268-13F9-4C60-8CA3-9299FD66DA02}"
EndProject
Project("{8BC9CEB8-8B4A-11D0-8D11-00A0C91BC942}") = "DefaultPipelineTest", "Tests\DefaultPipelineTest\DefaultPipelineTest.vcxproj", "{AFE1C4E8-63A2-465C-A690-B588C37E9084}"
EndProject
Project("{8BC9CEB8-8B4A-11D0-8D11-00A0C91BC942}") = "rw_rh_engine_lib", "rw_rh_engine_lib\rw_rh_engine_lib.vcxproj", "{2CCD7775-634F-4E40-A9EA-1655BFCB90CC}"
EndProject
Global
	GlobalSection(SolutionConfigurationPlatforms) = preSolution
		Debug_III|x64 = Debug_III|x64
		Debug_III|x86 = Debug_III|x86
		Debug_vc|x64 = Debug_vc|x64
		Debug_vc|x86 = Debug_vc|x86
		Debug|x64 = Debug|x64
		Debug|x86 = Debug|x86
		Release|x64 = Release|x64
		Release|x86 = Release|x86
	EndGlobalSection
	GlobalSection(ProjectConfigurationPlatforms) = postSolution
		{3CA3B947-CCFD-4E98-9B49-DE94ECDDB466}.Debug_III|x64.ActiveCfg = Debug_III|Win32
		{3CA3B947-CCFD-4E98-9B49-DE94ECDDB466}.Debug_III|x86.ActiveCfg = Debug_III|Win32
		{3CA3B947-CCFD-4E98-9B49-DE94ECDDB466}.Debug_III|x86.Build.0 = Debug_III|Win32
		{3CA3B947-CCFD-4E98-9B49-DE94ECDDB466}.Debug_vc|x64.ActiveCfg = Debug_vc|Win32
		{3CA3B947-CCFD-4E98-9B49-DE94ECDDB466}.Debug_vc|x86.ActiveCfg = Debug_vc|Win32
		{3CA3B947-CCFD-4E98-9B49-DE94ECDDB466}.Debug_vc|x86.Build.0 = Debug_vc|Win32
		{3CA3B947-CCFD-4E98-9B49-DE94ECDDB466}.Debug|x64.ActiveCfg = Debug|Win32
		{3CA3B947-CCFD-4E98-9B49-DE94ECDDB466}.Debug|x86.ActiveCfg = Debug|Win32
		{3CA3B947-CCFD-4E98-9B49-DE94ECDDB466}.Debug|x86.Build.0 = Debug|Win32
		{3CA3B947-CCFD-4E98-9B49-DE94ECDDB466}.Release|x64.ActiveCfg = Release|Win32
		{3CA3B947-CCFD-4E98-9B49-DE94ECDDB466}.Release|x86.ActiveCfg = Release|Win32
		{3CA3B947-CCFD-4E98-9B49-DE94ECDDB466}.Release|x86.Build.0 = Release|Win32
		{62D003A2-7DEB-47C6-BA8F-6754CBAED312}.Debug_III|x64.ActiveCfg = Debug|x64
		{62D003A2-7DEB-47C6-BA8F-6754CBAED312}.Debug_III|x86.ActiveCfg = Debug|Win32
		{62D003A2-7DEB-47C6-BA8F-6754CBAED312}.Debug_vc|x64.ActiveCfg = Debug|x64
		{62D003A2-7DEB-47C6-BA8F-6754CBAED312}.Debug_vc|x86.ActiveCfg = Debug|Win32
		{62D003A2-7DEB-47C6-BA8F-6754CBAED312}.Debug|x64.ActiveCfg = Debug|x64
		{62D003A2-7DEB-47C6-BA8F-6754CBAED312}.Debug|x64.Build.0 = Debug|x64
		{62D003A2-7DEB-47C6-BA8F-6754CBAED312}.Debug|x86.ActiveCfg = Debug|Win32
		{62D003A2-7DEB-47C6-BA8F-6754CBAED312}.Debug|x86.Build.0 = Debug|Win32
		{62D003A2-7DEB-47C6-BA8F-6754CBAED312}.Release|x64.ActiveCfg = Release|x64
		{62D003A2-7DEB-47C6-BA8F-6754CBAED312}.Release|x64.Build.0 = Release|x64
		{62D003A2-7DEB-47C6-BA8F-6754CBAED312}.Release|x86.ActiveCfg = Release|Win32
		{62D003A2-7DEB-47C6-BA8F-6754CBAED312}.Release|x86.Build.0 = Release|Win32
		{61858A10-1356-4B30-A033-6E79DC9936B2}.Debug_III|x64.ActiveCfg = Debug|x64
		{61858A10-1356-4B30-A033-6E79DC9936B2}.Debug_III|x86.ActiveCfg = Debug|Win32
		{61858A10-1356-4B30-A033-6E79DC9936B2}.Debug_vc|x64.ActiveCfg = Debug|x64
		{61858A10-1356-4B30-A033-6E79DC9936B2}.Debug_vc|x86.ActiveCfg = Debug|Win32
		{61858A10-1356-4B30-A033-6E79DC9936B2}.Debug|x64.ActiveCfg = Debug|x64
		{61858A10-1356-4B30-A033-6E79DC9936B2}.Debug|x64.Build.0 = Debug|x64
		{61858A10-1356-4B30-A033-6E79DC9936B2}.Debug|x86.ActiveCfg = Debug|Win32
		{61858A10-1356-4B30-A033-6E79DC9936B2}.Debug|x86.Build.0 = Debug|Win32
		{61858A10-1356-4B30-A033-6E79DC9936B2}.Release|x64.ActiveCfg = Release|x64
		{61858A10-1356-4B30-A033-6E79DC9936B2}.Release|x64.Build.0 = Release|x64
		{61858A10-1356-4B30-A033-6E79DC9936B2}.Release|x86.ActiveCfg = Release|Win32
		{61858A10-1356-4B30-A033-6E79DC9936B2}.Release|x86.Build.0 = Release|Win32
		{FAA1D3F8-6BB4-43AD-897E-B744B53A1570}.Debug_III|x64.ActiveCfg = Debug|x64
		{FAA1D3F8-6BB4-43AD-897E-B744B53A1570}.Debug_III|x86.ActiveCfg = Debug|Win32
		{FAA1D3F8-6BB4-43AD-897E-B744B53A1570}.Debug_vc|x64.ActiveCfg = Debug|x64
		{FAA1D3F8-6BB4-43AD-897E-B744B53A1570}.Debug_vc|x86.ActiveCfg = Debug|Win32
		{FAA1D3F8-6BB4-43AD-897E-B744B53A1570}.Debug|x64.ActiveCfg = Debug|x64
		{FAA1D3F8-6BB4-43AD-897E-B744B53A1570}.Debug|x64.Build.0 = Debug|x64
		{FAA1D3F8-6BB4-43AD-897E-B744B53A1570}.Debug|x86.ActiveCfg = Debug|Win32
		{FAA1D3F8-6BB4-43AD-897E-B744B53A1570}.Debug|x86.Build.0 = Debug|Win32
		{FAA1D3F8-6BB4-43AD-897E-B744B53A1570}.Release|x64.ActiveCfg = Release|x64
		{FAA1D3F8-6BB4-43AD-897E-B744B53A1570}.Release|x64.Build.0 = Release|x64
		{FAA1D3F8-6BB4-43AD-897E-B744B53A1570}.Release|x86.ActiveCfg = Release|Win32
		{FAA1D3F8-6BB4-43AD-897E-B744B53A1570}.Release|x86.Build.0 = Release|Win32
		{428B3B7A-3988-4B9B-A5FA-9FBEBD3C63A1}.Debug_III|x64.ActiveCfg = Debug|x64
		{428B3B7A-3988-4B9B-A5FA-9FBEBD3C63A1}.Debug_III|x86.ActiveCfg = Debug|Win32
		{428B3B7A-3988-4B9B-A5FA-9FBEBD3C63A1}.Debug_vc|x64.ActiveCfg = Debug|x64
		{428B3B7A-3988-4B9B-A5FA-9FBEBD3C63A1}.Debug_vc|x86.ActiveCfg = Debug|Win32
		{428B3B7A-3988-4B9B-A5FA-9FBEBD3C63A1}.Debug|x64.ActiveCfg = Debug|x64
		{428B3B7A-3988-4B9B-A5FA-9FBEBD3C63A1}.Debug|x64.Build.0 = Debug|x64
		{428B3B7A-3988-4B9B-A5FA-9FBEBD3C63A1}.Debug|x86.ActiveCfg = Debug|Win32
		{428B3B7A-3988-4B9B-A5FA-9FBEBD3C63A1}.Debug|x86.Build.0 = Debug|Win32
		{428B3B7A-3988-4B9B-A5FA-9FBEBD3C63A1}.Release|x64.ActiveCfg = Release|x64
		{428B3B7A-3988-4B9B-A5FA-9FBEBD3C63A1}.Release|x64.Build.0 = Release|x64
		{428B3B7A-3988-4B9B-A5FA-9FBEBD3C63A1}.Release|x86.ActiveCfg = Release|Win32
		{428B3B7A-3988-4B9B-A5FA-9FBEBD3C63A1}.Release|x86.Build.0 = Release|Win32
		{31B6F20D-4A49-4352-AAB4-1A386898D8DA}.Debug_III|x64.ActiveCfg = Debug|x64
		{31B6F20D-4A49-4352-AAB4-1A386898D8DA}.Debug_III|x64.Build.0 = Debug|x64
		{31B6F20D-4A49-4352-AAB4-1A386898D8DA}.Debug_III|x86.ActiveCfg = Debug|Win32
		{31B6F20D-4A49-4352-AAB4-1A386898D8DA}.Debug_III|x86.Build.0 = Debug|Win32
		{31B6F20D-4A49-4352-AAB4-1A386898D8DA}.Debug_vc|x64.ActiveCfg = Debug|x64
		{31B6F20D-4A49-4352-AAB4-1A386898D8DA}.Debug_vc|x64.Build.0 = Debug|x64
		{31B6F20D-4A49-4352-AAB4-1A386898D8DA}.Debug_vc|x86.ActiveCfg = Debug|Win32
		{31B6F20D-4A49-4352-AAB4-1A386898D8DA}.Debug_vc|x86.Build.0 = Debug|Win32
		{31B6F20D-4A49-4352-AAB4-1A386898D8DA}.Debug|x64.ActiveCfg = Debug|x64
		{31B6F20D-4A49-4352-AAB4-1A386898D8DA}.Debug|x64.Build.0 = Debug|x64
		{31B6F20D-4A49-4352-AAB4-1A386898D8DA}.Debug|x86.ActiveCfg = Debug|Win32
		{31B6F20D-4A49-4352-AAB4-1A386898D8DA}.Debug|x86.Build.0 = Debug|Win32
		{31B6F20D-4A49-4352-AAB4-1A386898D8DA}.Release|x64.ActiveCfg = Release|x64
		{31B6F20D-4A49-4352-AAB4-1A386898D8DA}.Release|x64.Build.0 = Release|x64
		{31B6F20D-4A49-4352-AAB4-1A386898D8DA}.Release|x86.ActiveCfg = Release|Win32
		{31B6F20D-4A49-4352-AAB4-1A386898D8DA}.Release|x86.Build.0 = Release|Win32
		{0BE81428-4ADE-411E-9932-9751030472E3}.Debug_III|x64.ActiveCfg = Debug|x64
		{0BE81428-4ADE-411E-9932-9751030472E3}.Debug_III|x64.Build.0 = Debug|x64
		{0BE81428-4ADE-411E-9932-9751030472E3}.Debug_III|x86.ActiveCfg = Debug|Win32
		{0BE81428-4ADE-411E-9932-9751030472E3}.Debug_III|x86.Build.0 = Debug|Win32
		{0BE81428-4ADE-411E-9932-9751030472E3}.Debug_vc|x64.ActiveCfg = Debug|x64
		{0BE81428-4ADE-411E-9932-9751030472E3}.Debug_vc|x64.Build.0 = Debug|x64
		{0BE81428-4ADE-411E-9932-9751030472E3}.Debug_vc|x86.ActiveCfg = Debug|Win32
		{0BE81428-4ADE-411E-9932-9751030472E3}.Debug_vc|x86.Build.0 = Debug|Win32
		{0BE81428-4ADE-411E-9932-9751030472E3}.Debug|x64.ActiveCfg = Debug|x64
		{0BE81428-4ADE-411E-9932-9751030472E3}.Debug|x64.Build.0 = Debug|x64
		{0BE81428-4ADE-411E-9932-9751030472E3}.Debug|x86.ActiveCfg = Debug|Win32
		{0BE81428-4ADE-411E-9932-9751030472E3}.Debug|x86.Build.0 = Debug|Win32
		{0BE81428-4ADE-411E-9932-9751030472E3}.Release|x64.ActiveCfg = Release|x64
		{0BE81428-4ADE-411E-9932-9751030472E3}.Release|x64.Build.0 = Release|x64
		{0BE81428-4ADE-411E-9932-9751030472E3}.Release|x86.ActiveCfg = Release|Win32
		{0BE81428-4ADE-411E-9932-9751030472E3}.Release|x86.Build.0 = Release|Win32
		{92676268-13F9-4C60-8CA3-9299FD66DA02}.Debug_III|x64.ActiveCfg = Release|Win32
		{92676268-13F9-4C60-8CA3-9299FD66DA02}.Debug_III|x64.Build.0 = Release|Win32
		{92676268-13F9-4C60-8CA3-9299FD66DA02}.Debug_III|x86.ActiveCfg = Debug|Win32
		{92676268-13F9-4C60-8CA3-9299FD66DA02}.Debug_III|x86.Build.0 = Debug|Win32
		{92676268-13F9-4C60-8CA3-9299FD66DA02}.Debug_vc|x64.ActiveCfg = Release|Win32
		{92676268-13F9-4C60-8CA3-9299FD66DA02}.Debug_vc|x64.Build.0 = Release|Win32
		{92676268-13F9-4C60-8CA3-9299FD66DA02}.Debug_vc|x86.ActiveCfg = Debug|Win32
		{92676268-13F9-4C60-8CA3-9299FD66DA02}.Debug_vc|x86.Build.0 = Debug|Win32
		{92676268-13F9-4C60-8CA3-9299FD66DA02}.Debug|x64.ActiveCfg = Debug|Win32
		{92676268-13F9-4C60-8CA3-9299FD66DA02}.Debug|x86.ActiveCfg = Debug|Win32
		{92676268-13F9-4C60-8CA3-9299FD66DA02}.Debug|x86.Build.0 = Debug|Win32
		{92676268-13F9-4C60-8CA3-9299FD66DA02}.Release|x64.ActiveCfg = Release|Win32
		{92676268-13F9-4C60-8CA3-9299FD66DA02}.Release|x86.ActiveCfg = Release|Win32
		{92676268-13F9-4C60-8CA3-9299FD66DA02}.Release|x86.Build.0 = Release|Win32
		{AFE1C4E8-63A2-465C-A690-B588C37E9084}.Debug_III|x64.ActiveCfg = Debug|x64
		{AFE1C4E8-63A2-465C-A690-B588C37E9084}.Debug_III|x64.Build.0 = Debug|x64
		{AFE1C4E8-63A2-465C-A690-B588C37E9084}.Debug_III|x86.ActiveCfg = Debug|Win32
		{AFE1C4E8-63A2-465C-A690-B588C37E9084}.Debug_III|x86.Build.0 = Debug|Win32
		{AFE1C4E8-63A2-465C-A690-B588C37E9084}.Debug_vc|x64.ActiveCfg = Debug|x64
		{AFE1C4E8-63A2-465C-A690-B588C37E9084}.Debug_vc|x64.Build.0 = Debug|x64
		{AFE1C4E8-63A2-465C-A690-B588C37E9084}.Debug_vc|x86.ActiveCfg = Debug|Win32
		{AFE1C4E8-63A2-465C-A690-B588C37E9084}.Debug_vc|x86.Build.0 = Debug|Win32
		{AFE1C4E8-63A2-465C-A690-B588C37E9084}.Debug|x64.ActiveCfg = Debug|x64
		{AFE1C4E8-63A2-465C-A690-B588C37E9084}.Debug|x64.Build.0 = Debug|x64
		{AFE1C4E8-63A2-465C-A690-B588C37E9084}.Debug|x86.ActiveCfg = Debug|Win32
		{AFE1C4E8-63A2-465C-A690-B588C37E9084}.Debug|x86.Build.0 = Debug|Win32
		{AFE1C4E8-63A2-465C-A690-B588C37E9084}.Release|x64.ActiveCfg = Release|x64
		{AFE1C4E8-63A2-465C-A690-B588C37E9084}.Release|x64.Build.0 = Release|x64
		{AFE1C4E8-63A2-465C-A690-B588C37E9084}.Release|x86.ActiveCfg = Release|Win32
		{AFE1C4E8-63A2-465C-A690-B588C37E9084}.Release|x86.Build.0 = Release|Win32
		{2CCD7775-634F-4E40-A9EA-1655BFCB90CC}.Debug_III|x64.ActiveCfg = Debug|x64
		{2CCD7775-634F-4E40-A9EA-1655BFCB90CC}.Debug_III|x64.Build.0 = Debug|x64
		{2CCD7775-634F-4E40-A9EA-1655BFCB90CC}.Debug_III|x86.ActiveCfg = Debug|Win32
		{2CCD7775-634F-4E40-A9EA-1655BFCB90CC}.Debug_III|x86.Build.0 = Debug|Win32
		{2CCD7775-634F-4E40-A9EA-1655BFCB90CC}.Debug_vc|x64.ActiveCfg = Debug|x64
		{2CCD7775-634F-4E40-A9EA-1655BFCB90CC}.Debug_vc|x64.Build.0 = Debug|x64
		{2CCD7775-634F-4E40-A9EA-1655BFCB90CC}.Debug_vc|x86.ActiveCfg = Debug|Win32
		{2CCD7775-634F-4E40-A9EA-1655BFCB90CC}.Debug_vc|x86.Build.0 = Debug|Win32
		{2CCD7775-634F-4E40-A9EA-1655BFCB90CC}.Debug|x64.ActiveCfg = Debug|x64
		{2CCD7775-634F-4E40-A9EA-1655BFCB90CC}.Debug|x64.Build.0 = Debug|x64
		{2CCD7775-634F-4E40-A9EA-1655BFCB90CC}.Debug|x86.ActiveCfg = Debug|Win32
		{2CCD7775-634F-4E40-A9EA-1655BFCB90CC}.Debug|x86.Build.0 = Debug|Win32
		{2CCD7775-634F-4E40-A9EA-1655BFCB90CC}.Release|x64.ActiveCfg = Release|x64
		{2CCD7775-634F-4E40-A9EA-1655BFCB90CC}.Release|x64.Build.0 = Release|x64
		{2CCD7775-634F-4E40-A9EA-1655BFCB90CC}.Release|x86.ActiveCfg = Release|Win32
		{2CCD7775-634F-4E40-A9EA-1655BFCB90CC}.Release|x86.Build.0 = Release|Win32
	EndGlobalSection
	GlobalSection(SolutionProperties) = preSolution
		HideSolutionNode = FALSE
	EndGlobalSection
	GlobalSection(NestedProjects) = preSolution
		{61858A10-1356-4B30-A033-6E79DC9936B2} = {100D6E3B-3978-4465-9714-92AE706CD317}
		{FAA1D3F8-6BB4-43AD-897E-B744B53A1570} = {100D6E3B-3978-4465-9714-92AE706CD317}
		{428B3B7A-3988-4B9B-A5FA-9FBEBD3C63A1} = {100D6E3B-3978-4465-9714-92AE706CD317}
		{31B6F20D-4A49-4352-AAB4-1A386898D8DA} = {100D6E3B-3978-4465-9714-92AE706CD317}
		{0BE81428-4ADE-411E-9932-9751030472E3} = {100D6E3B-3978-4465-9714-92AE706CD317}
		{AFE1C4E8-63A2-465C-A690-B588C37E9084} = {100D6E3B-3978-4465-9714-92AE706CD317}
	EndGlobalSection
	GlobalSection(ExtensibilityGlobals) = postSolution
		SolutionGuid = {D19957FC-2D8D-430A-A1ED-F20FA127750B}
	EndGlobalSection
EndGlobal
