<?xml version="1.0" encoding="utf-8"?>
<Project ToolsVersion="4.0" xmlns="http://schemas.microsoft.com/developer/msbuild/2003">
  <ItemGroup>
    <Filter Include="Файлы ресурсов">
      <UniqueIdentifier>{67DA6AB6-F800-4c08-8B7A-83BB121AAD01}</UniqueIdentifier>
      <Extensions>rc;ico;cur;bmp;dlg;rc2;rct;bin;rgs;gif;jpg;jpeg;jpe;resx;tiff;tif;png;wav;mfcribbon-ms</Extensions>
    </Filter>
    <Filter Include="Source">
      <UniqueIdentifier>{4FC737F1-C7A5-4376-A066-2A32D752A2FF}</UniqueIdentifier>
      <Extensions>cpp;c;cc;cxx;def;odl;idl;hpj;bat;asm;asmx</Extensions>
    </Filter>
    <Filter Include="Headers">
      <UniqueIdentifier>{93995380-89BD-4b04-88EB-625FBE52EBFB}</UniqueIdentifier>
      <Extensions>h;hh;hpp;hxx;hm;inl;inc;ipp;xsd</Extensions>
    </Filter>
    <Filter Include="Source\Engine">
      <UniqueIdentifier>{bd1ea23a-f6b8-414b-b93c-fbe1beba9721}</UniqueIdentifier>
    </Filter>
    <Filter Include="Source\DebugUtils">
      <UniqueIdentifier>{87c66a3b-e54d-4c35-809e-35b06051a25d}</UniqueIdentifier>
    </Filter>
    <Filter Include="Source\TestUtils">
      <UniqueIdentifier>{0879f149-412c-4ea9-96e7-8e5d92ebb96c}</UniqueIdentifier>
    </Filter>
    <Filter Include="Source\Engine\D3D11Impl">
      <UniqueIdentifier>{a5244896-ae14-43b9-91ab-b089008f23bf}</UniqueIdentifier>
    </Filter>
    <Filter Include="Source\Engine\D3D12Impl">
      <UniqueIdentifier>{0942591b-934f-4666-8085-904e290be96b}</UniqueIdentifier>
    </Filter>
    <Filter Include="Source\Engine\VulkanImpl">
      <UniqueIdentifier>{d52139a0-3a15-4900-ae85-556a0d2582ff}</UniqueIdentifier>
    </Filter>
    <Filter Include="Source\Engine\OpenGLImpl">
      <UniqueIdentifier>{3fe83683-c376-4843-b558-44eaa652c07c}</UniqueIdentifier>
    </Filter>
    <Filter Include="Source\RWUtils">
      <UniqueIdentifier>{83a7dc3b-a9fc-4a07-986e-de5a05434fc1}</UniqueIdentifier>
    </Filter>
    <Filter Include="Source\Engine\D3D11Impl\ImageBuffers">
      <UniqueIdentifier>{21234630-9e5c-4657-997c-6fd8a0cfccdd}</UniqueIdentifier>
    </Filter>
    <Filter Include="Source\Engine\D3D11Impl\RenderStateCache">
      <UniqueIdentifier>{68318476-70ff-4ecb-87d1-ea9f076c1d73}</UniqueIdentifier>
    </Filter>
    <Filter Include="Source\Engine\VulkanImpl\ImageBuffers">
      <UniqueIdentifier>{06f748e1-f30f-47fb-b8aa-66de22cf4b2c}</UniqueIdentifier>
    </Filter>
    <Filter Include="Source\Engine\Common">
      <UniqueIdentifier>{033ef37d-f635-4f62-9a20-3c011833aea7}</UniqueIdentifier>
    </Filter>
    <Filter Include="Source\Engine\D3D11Impl\Buffers">
      <UniqueIdentifier>{98e707c4-4dcc-4a2e-8608-5c4f074b7040}</UniqueIdentifier>
    </Filter>
    <Filter Include="Source\Engine\D3D11Impl\Shaders">
      <UniqueIdentifier>{6a009389-239f-4f89-acf2-c8cfe82206a8}</UniqueIdentifier>
    </Filter>
  </ItemGroup>
  <ItemGroup>
    <ClInclude Include="stdafx.h">
      <Filter>Headers</Filter>
    </ClInclude>
    <ClInclude Include="targetver.h">
      <Filter>Headers</Filter>
    </ClInclude>
    <ClInclude Include="Engine\RwRenderEngine.h">
      <Filter>Source\Engine</Filter>
    </ClInclude>
    <ClInclude Include="DebugUtils\DebugLogger.h">
      <Filter>Source\DebugUtils</Filter>
    </ClInclude>
    <ClInclude Include="TestUtils\TestSample.h">
      <Filter>Source\TestUtils</Filter>
    </ClInclude>
    <ClInclude Include="Engine\Definitions.h">
      <Filter>Source\Engine</Filter>
    </ClInclude>
    <ClInclude Include="Engine\IRenderer.h">
      <Filter>Source\Engine</Filter>
    </ClInclude>
    <ClInclude Include="Engine\D3D11Impl\D3D11Renderer.h">
      <Filter>Source\Engine\D3D11Impl</Filter>
    </ClInclude>
    <ClInclude Include="resource.h">
      <Filter>Headers</Filter>
    </ClInclude>
    <ClInclude Include="Engine\D3D12Impl\D3D12Renderer.h">
      <Filter>Source\Engine\D3D12Impl</Filter>
    </ClInclude>
    <ClInclude Include="Engine\VulkanImpl\VulkanRenderer.h">
      <Filter>Source\Engine\VulkanImpl</Filter>
    </ClInclude>
    <ClInclude Include="RWUtils\RwAPI.h">
      <Filter>Source\RWUtils</Filter>
    </ClInclude>
    <ClInclude Include="Engine\D3D11Impl\ImageBuffers\ImageBuffer.h">
      <Filter>Source\Engine\D3D11Impl\ImageBuffers</Filter>
    </ClInclude>
    <ClInclude Include="Engine\D3D11Impl\ImageBuffers\D3D11BackBuffer.h">
      <Filter>Source\Engine\D3D11Impl\ImageBuffers</Filter>
    </ClInclude>
    <ClInclude Include="Engine\D3D11Impl\RenderStateCache\D3D11RenderStateCache.h">
      <Filter>Source\Engine\D3D11Impl\RenderStateCache</Filter>
    </ClInclude>
    <ClInclude Include="Engine\D3D11Impl\RenderStateCache\D3D11RenderTargetCache.h">
      <Filter>Source\Engine\D3D11Impl\RenderStateCache</Filter>
    </ClInclude>
    <ClInclude Include="Engine\VulkanImpl\ImageBuffers\VulkanBackBuffer.h">
      <Filter>Source\Engine\VulkanImpl\ImageBuffers</Filter>
    </ClInclude>
    <ClInclude Include="TestUtils\DeviceSettingsDialog.h">
      <Filter>Source\TestUtils</Filter>
    </ClInclude>
    <ClInclude Include="TestUtils\WindowsSampleWrapper.h">
      <Filter>Source\TestUtils</Filter>
    </ClInclude>
    <ClInclude Include="Common\IStateCacheObject.h">
      <Filter>Source\Engine\Common</Filter>
    </ClInclude>
    <ClInclude Include="Common\SmartCOMPtr.h">
      <Filter>Source\Engine\Common</Filter>
    </ClInclude>
    <ClInclude Include="Engine\D3D11Impl\Buffers\D3D11Buffer.h">
      <Filter>Source\Engine\D3D11Impl\Buffers</Filter>
    </ClInclude>
    <ClInclude Include="Engine\D3D11Impl\D3D11Common.h">
      <Filter>Source\Engine\D3D11Impl</Filter>
    </ClInclude>
    <ClInclude Include="Engine\D3D11Impl\D3D11VertexDeclaration.h">
      <Filter>Source\Engine\D3D11Impl</Filter>
    </ClInclude>
    <ClInclude Include="Engine\D3D11Impl\Shaders\D3D11Shader.h">
      <Filter>Source\Engine\D3D11Impl\Shaders</Filter>
    </ClInclude>
    <ClInclude Include="Engine\D3D11Impl\Shaders\D3D11VertexShader.h">
      <Filter>Source\Engine\D3D11Impl\Shaders</Filter>
    </ClInclude>
    <ClInclude Include="Engine\D3D11Impl\Shaders\D3D11PixelShader.h">
      <Filter>Source\Engine\D3D11Impl\Shaders</Filter>
    </ClInclude>
    <ClInclude Include="Engine\D3D11Impl\Buffers\D3D11DynamicVertexBuffer.h">
      <Filter>Source\Engine\D3D11Impl\Buffers</Filter>
    </ClInclude>
    <ClInclude Include="Engine\D3D11Impl\Buffers\D3D11DynamicIndexBuffer.h">
      <Filter>Source\Engine\D3D11Impl\Buffers</Filter>
    </ClInclude>
  </ItemGroup>
  <ItemGroup>
    <ClCompile Include="stdafx.cpp">
      <Filter>Source</Filter>
    </ClCompile>
    <ClCompile Include="Engine\RwRenderEngine.cpp">
      <Filter>Source\Engine</Filter>
    </ClCompile>
    <ClCompile Include="DebugUtils\DebugLogger.cpp">
      <Filter>Source\DebugUtils</Filter>
    </ClCompile>
    <ClCompile Include="TestUtils\TestSample.cpp">
      <Filter>Source\TestUtils</Filter>
    </ClCompile>
    <ClCompile Include="Engine\D3D11Impl\D3D11Renderer.cpp">
      <Filter>Source\Engine\D3D11Impl</Filter>
    </ClCompile>
    <ClCompile Include="Engine\D3D12Impl\D3D12Renderer.cpp">
      <Filter>Source\Engine\D3D12Impl</Filter>
    </ClCompile>
    <ClCompile Include="Engine\VulkanImpl\VulkanRenderer.cpp">
      <Filter>Source\Engine\VulkanImpl</Filter>
    </ClCompile>
    <ClCompile Include="RWUtils\RwAPI.cpp">
      <Filter>Source\RWUtils</Filter>
    </ClCompile>
    <ClCompile Include="Engine\D3D11Impl\ImageBuffers\D3D11BackBuffer.cpp">
      <Filter>Source\Engine\D3D11Impl\ImageBuffers</Filter>
    </ClCompile>
    <ClCompile Include="Engine\D3D11Impl\RenderStateCache\D3D11RenderTargetCache.cpp">
      <Filter>Source\Engine\D3D11Impl\RenderStateCache</Filter>
    </ClCompile>
    <ClCompile Include="Engine\VulkanImpl\ImageBuffers\VulkanBackBuffer.cpp">
      <Filter>Source\Engine\VulkanImpl\ImageBuffers</Filter>
    </ClCompile>
    <ClCompile Include="Engine\D3D11Impl\RenderStateCache\D3D11RenderStateCache.cpp">
      <Filter>Source\Engine\D3D11Impl\RenderStateCache</Filter>
    </ClCompile>
    <ClCompile Include="TestUtils\DeviceSettingsDialog.cpp">
      <Filter>Source\TestUtils</Filter>
    </ClCompile>
    <ClCompile Include="TestUtils\WindowsSampleWrapper.cpp">
      <Filter>Source\TestUtils</Filter>
    </ClCompile>
    <ClCompile Include="Common\IStateCacheObject.cpp">
      <Filter>Source\Engine\Common</Filter>
    </ClCompile>
    <ClCompile Include="Engine\D3D11Impl\Buffers\D3D11Buffer.cpp">
      <Filter>Source\Engine\D3D11Impl\Buffers</Filter>
    </ClCompile>
    <ClCompile Include="Engine\D3D11Impl\D3D11VertexDeclaration.cpp">
      <Filter>Source\Engine\D3D11Impl</Filter>
    </ClCompile>
    <ClCompile Include="Engine\D3D11Impl\Shaders\D3D11Shader.cpp">
      <Filter>Source\Engine\D3D11Impl\Shaders</Filter>
    </ClCompile>
    <ClCompile Include="Engine\D3D11Impl\Shaders\D3D11VertexShader.cpp">
      <Filter>Source\Engine\D3D11Impl\Shaders</Filter>
    </ClCompile>
    <ClCompile Include="Engine\D3D11Impl\Buffers\D3D11DynamicVertexBuffer.cpp">
      <Filter>Source\Engine\D3D11Impl\Buffers</Filter>
    </ClCompile>
    <ClCompile Include="Engine\D3D11Impl\Shaders\D3D11PixelShader.cpp">
      <Filter>Source\Engine\D3D11Impl\Shaders</Filter>
    </ClCompile>
    <ClCompile Include="Engine\D3D11Impl\Buffers\D3D11DynamicIndexBuffer.cpp">
      <Filter>Source\Engine\D3D11Impl\Buffers</Filter>
    </ClCompile>
  </ItemGroup>
  <ItemGroup>
    <ResourceCompile Include="dev_select_dialog.rc">
      <Filter>Файлы ресурсов</Filter>
    </ResourceCompile>
  </ItemGroup>
</Project>