<?xml version="1.0" encoding="utf-8"?>
<Project ToolsVersion="4.0" xmlns="http://schemas.microsoft.com/developer/msbuild/2003">
  <ItemGroup>
    <Filter Include="Source">
      <UniqueIdentifier>{4FC737F1-C7A5-4376-A066-2A32D752A2FF}</UniqueIdentifier>
      <Extensions>cpp;c;cc;cxx;def;odl;idl;hpj;bat;asm;asmx</Extensions>
    </Filter>
    <Filter Include="Source\RwRenderEngine">
      <UniqueIdentifier>{d825bd0e-4e96-49fc-9ec6-05461b5a176d}</UniqueIdentifier>
    </Filter>
    <Filter Include="Source\RwRenderEngine\RwD3DRenderEngine">
      <UniqueIdentifier>{3509e7da-5322-4441-8bf3-d46f14dd81da}</UniqueIdentifier>
    </Filter>
    <Filter Include="Source\RwRenderEngine\RwVulkanRenderEngine">
      <UniqueIdentifier>{975ba31d-719a-4309-a2a9-25da573cb587}</UniqueIdentifier>
    </Filter>
    <Filter Include="Source\Headers">
      <UniqueIdentifier>{93995380-89BD-4b04-88EB-625FBE52EBFB}</UniqueIdentifier>
      <Extensions>h;hh;hpp;hxx;hm;inl;inc;xsd</Extensions>
    </Filter>
    <Filter Include="Source\Headers\Utils">
      <UniqueIdentifier>{156b086c-e99f-4640-9660-4562cbb8e9a5}</UniqueIdentifier>
    </Filter>
    <Filter Include="Source\RwRenderEngine\RwVulkanRenderEngine\GTAPipelines">
      <UniqueIdentifier>{9b9676ce-9780-4009-bf44-9d4ab68ea990}</UniqueIdentifier>
    </Filter>
    <Filter Include="Source\RwRenderEngine\RwD3DRenderEngine\Managers">
      <UniqueIdentifier>{d2107dee-4078-4b14-a7b0-c8ceedbfa923}</UniqueIdentifier>
    </Filter>
    <Filter Include="Source\RwRenderEngine\RwD3DRenderEngine\Helpers">
      <UniqueIdentifier>{e2d1b967-07d7-46e9-ae95-c78d85808533}</UniqueIdentifier>
    </Filter>
    <Filter Include="Source\RwRenderEngine\RwD3DRenderEngine\BasicClasses">
      <UniqueIdentifier>{58b1a35f-5ba3-4f38-9f00-bf03ec7fa089}</UniqueIdentifier>
    </Filter>
    <Filter Include="Source\RwRenderEngine\RwD3DRenderEngine\RwPipelines">
      <UniqueIdentifier>{b9ee86dc-d171-4183-851f-7803a7656f56}</UniqueIdentifier>
    </Filter>
    <Filter Include="Source\Shaders">
      <UniqueIdentifier>{423d9031-fa34-4578-bd1d-6f4e79c6b9d3}</UniqueIdentifier>
    </Filter>
    <Filter Include="Source\RwRenderEngine\RwD3DRenderEngine\BasicClasses\Buffers">
      <UniqueIdentifier>{d7c0a8be-0c83-4f39-af8b-d1dac68a9084}</UniqueIdentifier>
    </Filter>
    <Filter Include="Source\RwRenderEngine\RwD3DRenderEngine\BasicClasses\Shaders">
      <UniqueIdentifier>{f01e738b-b037-4361-8bd8-ac740990051f}</UniqueIdentifier>
    </Filter>
    <Filter Include="Source\RwRenderEngine\RenderWareCPPWrappers">
      <UniqueIdentifier>{4ff0fb53-0220-42f2-8b48-007bac2a0d37}</UniqueIdentifier>
    </Filter>
    <Filter Include="Source\Games">
      <UniqueIdentifier>{4f378deb-9f9d-4daa-be04-c1a14bcb7923}</UniqueIdentifier>
    </Filter>
    <Filter Include="Source\Games\GTA_SA">
      <UniqueIdentifier>{5e11a709-0c5d-46fc-95fc-31f2c5ba833b}</UniqueIdentifier>
    </Filter>
    <Filter Include="Source\Games\GTA_SA\GTAPipelines">
      <UniqueIdentifier>{e8009381-1bd1-412f-abe3-1b79a10f60e6}</UniqueIdentifier>
    </Filter>
    <Filter Include="Source\Games\GTA_SA\GTAClasses">
      <UniqueIdentifier>{6e384abd-24fb-43d0-afd7-c8b6e0bae9cb}</UniqueIdentifier>
    </Filter>
    <Filter Include="Source\Algorithms">
      <UniqueIdentifier>{198c5ac5-1fa7-42f9-a61f-f60ebfed0a5d}</UniqueIdentifier>
    </Filter>
    <Filter Include="Source\Algorithms\Pipelines">
      <UniqueIdentifier>{1d8a598d-b568-4c0a-b114-90c7b4acf155}</UniqueIdentifier>
    </Filter>
    <Filter Include="Source\Algorithms\Deferred">
      <UniqueIdentifier>{8494bd5e-d562-4fec-b044-e548bf8c64c7}</UniqueIdentifier>
    </Filter>
    <Filter Include="Source\Algorithms\Materials">
      <UniqueIdentifier>{4ba34f51-ca2c-4631-8a11-656341e8e87b}</UniqueIdentifier>
    </Filter>
    <Filter Include="Source\Algorithms\Lighting">
      <UniqueIdentifier>{ff47eb4e-2213-44d2-b53e-700d983ba831}</UniqueIdentifier>
    </Filter>
    <Filter Include="Source\Algorithms\Lighting\Shadows">
      <UniqueIdentifier>{6dcfac2d-b603-4abe-b238-f7826ee6ebad}</UniqueIdentifier>
    </Filter>
    <Filter Include="Source\Algorithms\Lighting\Reflections">
      <UniqueIdentifier>{4c51e0be-3f07-4318-bf8e-d1a0b80718ca}</UniqueIdentifier>
    </Filter>
    <Filter Include="Source\Algorithms\Lighting\VoxelGI">
      <UniqueIdentifier>{69677b8a-e38e-4bbb-ad7b-a0c2c36a41ff}</UniqueIdentifier>
    </Filter>
    <Filter Include="Source\Algorithms\PostProcessing">
      <UniqueIdentifier>{f9458c85-ceb3-4759-85d7-13b189e87810}</UniqueIdentifier>
    </Filter>
    <Filter Include="Source\Algorithms\DebugUtility">
      <UniqueIdentifier>{e2af3242-a2c3-4af8-ae06-72caebc660c8}</UniqueIdentifier>
    </Filter>
    <Filter Include="Source\Algorithms\Lighting\AmbientOcclusion">
      <UniqueIdentifier>{21e699b8-644f-4f54-830f-a6ee97485e01}</UniqueIdentifier>
    </Filter>
    <Filter Include="Source\RwRenderEngine\RwD3DRenderEngine\BasicClasses\Textures">
      <UniqueIdentifier>{02e98621-a168-46e5-bfd3-3e2a00f45e58}</UniqueIdentifier>
    </Filter>
  </ItemGroup>
  <ItemGroup>
    <ClInclude Include="stdafx.h">
      <Filter>Source\Headers</Filter>
    </ClInclude>
    <ClInclude Include="targetver.h">
      <Filter>Source\Headers</Filter>
    </ClInclude>
    <ClInclude Include="gta_sa_ptrs.h">
      <Filter>Source\Headers</Filter>
    </ClInclude>
    <ClInclude Include="RwRenderEngine.h">
      <Filter>Source\RwRenderEngine</Filter>
    </ClInclude>
    <ClInclude Include="CDebug.h">
      <Filter>Source\Headers\Utils</Filter>
    </ClInclude>
    <ClInclude Include="MemoryFuncs.h">
      <Filter>Source\Headers\Utils</Filter>
    </ClInclude>
    <ClInclude Include="D3DRenderer.h">
      <Filter>Source\RwRenderEngine\RwD3DRenderEngine</Filter>
    </ClInclude>
    <ClInclude Include="D3D1XIm2DPipeline.h">
      <Filter>Source\RwRenderEngine\RwD3DRenderEngine\RwPipelines</Filter>
    </ClInclude>
    <ClInclude Include="RwD3D1XEngine.h">
      <Filter>Source\RwRenderEngine</Filter>
    </ClInclude>
    <ClInclude Include="D3D1XIm3DPipeline.h">
      <Filter>Source\RwRenderEngine\RwD3DRenderEngine\RwPipelines</Filter>
    </ClInclude>
    <ClInclude Include="D3D1XDefaultPipeline.h">
      <Filter>Source\RwRenderEngine\RwD3DRenderEngine\RwPipelines</Filter>
    </ClInclude>
    <ClInclude Include="D3D1XSkinPipeline.h">
      <Filter>Source\RwRenderEngine\RwD3DRenderEngine\RwPipelines</Filter>
    </ClInclude>
    <ClInclude Include="D3D1XStateManager.h">
      <Filter>Source\RwRenderEngine\RwD3DRenderEngine\Managers</Filter>
    </ClInclude>
    <ClInclude Include="D3D1XVertexDeclarationManager.h">
      <Filter>Source\RwRenderEngine\RwD3DRenderEngine\Managers</Filter>
    </ClInclude>
    <ClInclude Include="D3D1XEnumParser.h">
      <Filter>Source\RwRenderEngine\RwD3DRenderEngine\Helpers</Filter>
    </ClInclude>
    <ClInclude Include="D3D1XPipeline.h">
      <Filter>Source\RwRenderEngine\RwD3DRenderEngine\BasicClasses</Filter>
    </ClInclude>
    <ClInclude Include="D3D1XShader.h">
      <Filter>Source\RwRenderEngine\RwD3DRenderEngine\BasicClasses</Filter>
    </ClInclude>
    <ClInclude Include="D3D1XTexture.h">
      <Filter>Source\RwRenderEngine\RwD3DRenderEngine\BasicClasses</Filter>
    </ClInclude>
    <ClInclude Include="D3D1XVertexDeclaration.h">
      <Filter>Source\RwRenderEngine\RwD3DRenderEngine\BasicClasses</Filter>
    </ClInclude>
    <ClInclude Include="SAIdleHook.h">
      <Filter>Source\Games\GTA_SA</Filter>
    </ClInclude>
    <ClInclude Include="CustomBuildingPipeline.h">
      <Filter>Source\Games\GTA_SA\GTAPipelines</Filter>
    </ClInclude>
    <ClInclude Include="CustomBuildingDNPipeline.h">
      <Filter>Source\Games\GTA_SA\GTAPipelines</Filter>
    </ClInclude>
    <ClInclude Include="Renderer.h">
      <Filter>Source\Games\GTA_SA\GTAClasses</Filter>
    </ClInclude>
    <ClInclude Include="VoxelOctreeRenderer.h">
      <Filter>Source\Algorithms\Lighting\VoxelGI</Filter>
    </ClInclude>
    <ClInclude Include="VoxelPipeline.h">
      <Filter>Source\Algorithms\Lighting\VoxelGI</Filter>
    </ClInclude>
    <ClInclude Include="ShadowRenderer.h">
      <Filter>Source\Algorithms\Lighting\Shadows</Filter>
    </ClInclude>
    <ClInclude Include="CustomCarFXPipeline.h">
      <Filter>Source\Games\GTA_SA\GTAPipelines</Filter>
    </ClInclude>
    <ClInclude Include="D3D1XRenderBuffersManager.h">
      <Filter>Source\RwRenderEngine\RwD3DRenderEngine\Managers</Filter>
    </ClInclude>
    <ClInclude Include="D3D1XTextureMemoryManager.h">
      <Filter>Source\RwRenderEngine\RwD3DRenderEngine\Managers</Filter>
    </ClInclude>
    <ClInclude Include="PostProcessEffect.h">
      <Filter>Source\Algorithms\PostProcessing</Filter>
    </ClInclude>
    <ClInclude Include="HDRTonemapping.h">
      <Filter>Source\Algorithms\PostProcessing</Filter>
    </ClInclude>
    <ClInclude Include="FullscreenQuad.h">
      <Filter>Source\Algorithms\PostProcessing</Filter>
    </ClInclude>
    <ClInclude Include="DebugRendering.h">
      <Filter>Source\Algorithms\DebugUtility</Filter>
    </ClInclude>
    <ClInclude Include="DebugRenderObject.h">
      <Filter>Source\Algorithms\DebugUtility</Filter>
    </ClInclude>
    <ClInclude Include="DebugLine.h">
      <Filter>Source\Algorithms\DebugUtility</Filter>
    </ClInclude>
    <ClInclude Include="SettingsHolder.h">
      <Filter>Source\Headers</Filter>
    </ClInclude>
    <ClInclude Include="CWaterLevel.h">
      <Filter>Source\Games\GTA_SA\GTAClasses</Filter>
    </ClInclude>
    <ClInclude Include="CustomSeabedPipeline.h">
      <Filter>Source\Games\GTA_SA\GTAPipelines</Filter>
    </ClInclude>
    <ClInclude Include="CustomWaterPipeline.h">
      <Filter>Source\Games\GTA_SA\GTAPipelines</Filter>
    </ClInclude>
    <ClInclude Include="RwMethods.h">
      <Filter>Source\RwRenderEngine\RenderWareCPPWrappers</Filter>
    </ClInclude>
    <ClInclude Include="RwVectorMath.h">
      <Filter>Source\RwRenderEngine\RenderWareCPPWrappers</Filter>
    </ClInclude>
    <ClInclude Include="D3D1XVertexBufferManager.h">
      <Filter>Source\RwRenderEngine\RwD3DRenderEngine\Managers</Filter>
    </ClInclude>
    <ClInclude Include="DebugBBox.h">
      <Filter>Source\Algorithms\DebugUtility</Filter>
    </ClInclude>
    <ClInclude Include="D3D1XBuffer.h">
      <Filter>Source\RwRenderEngine\RwD3DRenderEngine\BasicClasses</Filter>
    </ClInclude>
    <ClInclude Include="D3DSpecificHelpers.h">
      <Filter>Source\RwRenderEngine\RwD3DRenderEngine\Helpers</Filter>
    </ClInclude>
    <ClInclude Include="D3D1XConstantBuffer.h">
      <Filter>Source\RwRenderEngine\RwD3DRenderEngine\BasicClasses\Buffers</Filter>
    </ClInclude>
    <ClInclude Include="D3D1XDynamicIndexBuffer.h">
      <Filter>Source\RwRenderEngine\RwD3DRenderEngine\BasicClasses\Buffers</Filter>
    </ClInclude>
    <ClInclude Include="D3D1XDynamicVertexBuffer.h">
      <Filter>Source\RwRenderEngine\RwD3DRenderEngine\BasicClasses\Buffers</Filter>
    </ClInclude>
    <ClInclude Include="D3D1XVertexBuffer.h">
      <Filter>Source\RwRenderEngine\RwD3DRenderEngine\BasicClasses\Buffers</Filter>
    </ClInclude>
    <ClInclude Include="D3D1XStructuredBuffer.h">
      <Filter>Source\RwRenderEngine\RwD3DRenderEngine\BasicClasses\Buffers</Filter>
    </ClInclude>
    <ClInclude Include="D3D1XIndexBuffer.h">
      <Filter>Source\RwRenderEngine\RwD3DRenderEngine\BasicClasses\Buffers</Filter>
    </ClInclude>
    <ClInclude Include="D3D1XShaderDefines.h">
      <Filter>Source\RwRenderEngine\RwD3DRenderEngine</Filter>
    </ClInclude>
    <ClInclude Include="CVisibilityPluginsRH.h">
      <Filter>Source\Games\GTA_SA\GTAClasses</Filter>
    </ClInclude>
    <ClInclude Include="DeferredPipeline.h">
      <Filter>Source\Algorithms\Pipelines</Filter>
    </ClInclude>
    <ClInclude Include="ShadowPipeline.h">
      <Filter>Source\Algorithms\Pipelines</Filter>
    </ClInclude>
    <ClInclude Include="DeferredRenderer.h">
      <Filter>Source\Algorithms\Deferred</Filter>
    </ClInclude>
    <ClInclude Include="CubemapReflectionRenderer.h">
      <Filter>Source\Algorithms\Lighting\Reflections</Filter>
    </ClInclude>
    <ClInclude Include="PBSMaterial.h">
      <Filter>Source\Algorithms\Materials</Filter>
    </ClInclude>
    <ClInclude Include="LightManager.h">
      <Filter>Source\Algorithms\Lighting</Filter>
    </ClInclude>
    <ClInclude Include="VolumetricLighting.h">
      <Filter>Source\Algorithms\Lighting</Filter>
    </ClInclude>
    <ClInclude Include="AmbientOcclusion.h">
      <Filter>Source\Algorithms\Lighting\AmbientOcclusion</Filter>
    </ClInclude>
    <ClInclude Include="BlurAlgorithms.h">
      <Filter>Source\Algorithms\PostProcessing</Filter>
    </ClInclude>
    <ClInclude Include="CRwGameHooks.h">
      <Filter>Source\Games</Filter>
    </ClInclude>
    <ClInclude Include="StreamingRH.h">
      <Filter>Source\Games\GTA_SA\GTAClasses</Filter>
    </ClInclude>
    <ClInclude Include="GTASAHooks.h">
      <Filter>Source\Games\GTA_SA</Filter>
    </ClInclude>
    <ClInclude Include="CloudsRH.h">
      <Filter>Source\Games\GTA_SA\GTAClasses</Filter>
    </ClInclude>
    <ClInclude Include="D3D1XDepthStencilTexture.h">
      <Filter>Source\RwRenderEngine\RwD3DRenderEngine\BasicClasses\Textures</Filter>
    </ClInclude>
    <ClInclude Include="D3D1XBaseTexture.h">
      <Filter>Source\RwRenderEngine\RwD3DRenderEngine\BasicClasses\Textures</Filter>
    </ClInclude>
    <ClInclude Include="D3D1X2DTexture.h">
      <Filter>Source\RwRenderEngine\RwD3DRenderEngine\BasicClasses\Textures</Filter>
    </ClInclude>
    <ClInclude Include="D3D1XBackBufferTexture.h">
      <Filter>Source\RwRenderEngine\RwD3DRenderEngine\BasicClasses\Textures</Filter>
    </ClInclude>
    <ClInclude Include="D3D1X2DRenderTarget.h">
      <Filter>Source\RwRenderEngine\RwD3DRenderEngine\BasicClasses\Textures</Filter>
    </ClInclude>
  </ItemGroup>
  <ItemGroup>
    <ClCompile Include="stdafx.cpp">
      <Filter>Source</Filter>
    </ClCompile>
    <ClCompile Include="dllmain.cpp">
      <Filter>Source</Filter>
    </ClCompile>
    <ClCompile Include="RwRenderEngine.cpp">
      <Filter>Source\RwRenderEngine</Filter>
    </ClCompile>
    <ClCompile Include="D3DRenderer.cpp">
      <Filter>Source\RwRenderEngine\RwD3DRenderEngine</Filter>
    </ClCompile>
    <ClCompile Include="D3D1XIm2DPipeline.cpp">
      <Filter>Source\RwRenderEngine\RwD3DRenderEngine\RwPipelines</Filter>
    </ClCompile>
    <ClCompile Include="RwD3D1XEngine.cpp">
      <Filter>Source\RwRenderEngine</Filter>
    </ClCompile>
    <ClCompile Include="D3D1XIm3DPipeline.cpp">
      <Filter>Source\RwRenderEngine\RwD3DRenderEngine\RwPipelines</Filter>
    </ClCompile>
    <ClCompile Include="D3D1XDefaultPipeline.cpp">
      <Filter>Source\RwRenderEngine\RwD3DRenderEngine\RwPipelines</Filter>
    </ClCompile>
    <ClCompile Include="D3D1XSkinPipeline.cpp">
      <Filter>Source\RwRenderEngine\RwD3DRenderEngine\RwPipelines</Filter>
    </ClCompile>
    <ClCompile Include="D3D1XStateManager.cpp">
      <Filter>Source\RwRenderEngine\RwD3DRenderEngine\Managers</Filter>
    </ClCompile>
    <ClCompile Include="D3D1XVertexDeclarationManager.cpp">
      <Filter>Source\RwRenderEngine\RwD3DRenderEngine\Managers</Filter>
    </ClCompile>
    <ClCompile Include="D3D1XEnumParser.cpp">
      <Filter>Source\RwRenderEngine\RwD3DRenderEngine\Helpers</Filter>
    </ClCompile>
    <ClCompile Include="D3D1XPipeline.cpp">
      <Filter>Source\RwRenderEngine\RwD3DRenderEngine\BasicClasses</Filter>
    </ClCompile>
    <ClCompile Include="D3D1XShader.cpp">
      <Filter>Source\RwRenderEngine\RwD3DRenderEngine\BasicClasses</Filter>
    </ClCompile>
    <ClCompile Include="D3D1XTexture.cpp">
      <Filter>Source\RwRenderEngine\RwD3DRenderEngine\BasicClasses</Filter>
    </ClCompile>
    <ClCompile Include="D3D1XVertexDeclaration.cpp">
      <Filter>Source\RwRenderEngine\RwD3DRenderEngine\BasicClasses</Filter>
    </ClCompile>
    <ClCompile Include="SAIdleHook.cpp">
      <Filter>Source\Games\GTA_SA</Filter>
    </ClCompile>
    <ClCompile Include="CustomBuildingPipeline.cpp">
      <Filter>Source\Games\GTA_SA\GTAPipelines</Filter>
    </ClCompile>
    <ClCompile Include="CustomBuildingDNPipeline.cpp">
      <Filter>Source\Games\GTA_SA\GTAPipelines</Filter>
    </ClCompile>
    <ClCompile Include="Renderer.cpp">
      <Filter>Source\Games\GTA_SA\GTAClasses</Filter>
    </ClCompile>
    <ClCompile Include="VoxelOctreeRenderer.cpp">
      <Filter>Source\Algorithms\Lighting\VoxelGI</Filter>
    </ClCompile>
    <ClCompile Include="VoxelPipeline.cpp">
      <Filter>Source\Algorithms\Lighting\VoxelGI</Filter>
    </ClCompile>
    <ClCompile Include="ShadowRenderer.cpp">
      <Filter>Source\Algorithms\Lighting\Shadows</Filter>
    </ClCompile>
    <ClCompile Include="CustomCarFXPipeline.cpp">
      <Filter>Source\Games\GTA_SA\GTAPipelines</Filter>
    </ClCompile>
    <ClCompile Include="D3D1XRenderBuffersManager.cpp">
      <Filter>Source\RwRenderEngine\RwD3DRenderEngine\Managers</Filter>
    </ClCompile>
    <ClCompile Include="D3D1XTextureMemoryManager.cpp">
      <Filter>Source\RwRenderEngine\RwD3DRenderEngine\Managers</Filter>
    </ClCompile>
    <ClCompile Include="PostProcessEffect.cpp">
      <Filter>Source\Algorithms\PostProcessing</Filter>
    </ClCompile>
    <ClCompile Include="HDRTonemapping.cpp">
      <Filter>Source\Algorithms\PostProcessing</Filter>
    </ClCompile>
    <ClCompile Include="FullscreenQuad.cpp">
      <Filter>Source\Algorithms\PostProcessing</Filter>
    </ClCompile>
    <ClCompile Include="DebugRendering.cpp">
      <Filter>Source\Algorithms\DebugUtility</Filter>
    </ClCompile>
    <ClCompile Include="DebugRenderObject.cpp">
      <Filter>Source\Algorithms\DebugUtility</Filter>
    </ClCompile>
    <ClCompile Include="DebugLine.cpp">
      <Filter>Source\Algorithms\DebugUtility</Filter>
    </ClCompile>
    <ClCompile Include="SettingsHolder.cpp">
      <Filter>Source</Filter>
    </ClCompile>
    <ClCompile Include="CWaterLevel.cpp">
      <Filter>Source\Games\GTA_SA\GTAClasses</Filter>
    </ClCompile>
    <ClCompile Include="CustomSeabedPipeline.cpp">
      <Filter>Source\Games\GTA_SA\GTAPipelines</Filter>
    </ClCompile>
    <ClCompile Include="CustomWaterPipeline.cpp">
      <Filter>Source\Games\GTA_SA\GTAPipelines</Filter>
    </ClCompile>
    <ClCompile Include="RwMethods.cpp">
      <Filter>Source\RwRenderEngine\RenderWareCPPWrappers</Filter>
    </ClCompile>
    <ClCompile Include="RwVectorMath.cpp">
      <Filter>Source\RwRenderEngine\RenderWareCPPWrappers</Filter>
    </ClCompile>
    <ClCompile Include="D3D1XVertexBufferManager.cpp">
      <Filter>Source\RwRenderEngine\RwD3DRenderEngine\Managers</Filter>
    </ClCompile>
    <ClCompile Include="DebugBBox.cpp">
      <Filter>Source\Algorithms\DebugUtility</Filter>
    </ClCompile>
    <ClCompile Include="D3D1XBuffer.cpp">
      <Filter>Source\RwRenderEngine\RwD3DRenderEngine\BasicClasses</Filter>
    </ClCompile>
    <ClCompile Include="D3D1XConstantBuffer.cpp">
      <Filter>Source\RwRenderEngine\RwD3DRenderEngine\BasicClasses\Buffers</Filter>
    </ClCompile>
    <ClCompile Include="D3D1XDynamicIndexBuffer.cpp">
      <Filter>Source\RwRenderEngine\RwD3DRenderEngine\BasicClasses\Buffers</Filter>
    </ClCompile>
    <ClCompile Include="D3D1XDynamicVertexBuffer.cpp">
      <Filter>Source\RwRenderEngine\RwD3DRenderEngine\BasicClasses\Buffers</Filter>
    </ClCompile>
    <ClCompile Include="D3D1XVertexBuffer.cpp">
      <Filter>Source\RwRenderEngine\RwD3DRenderEngine\BasicClasses\Buffers</Filter>
    </ClCompile>
    <ClCompile Include="D3D1XStructuredBuffer.cpp">
      <Filter>Source\RwRenderEngine\RwD3DRenderEngine\BasicClasses\Buffers</Filter>
    </ClCompile>
    <ClCompile Include="D3D1XIndexBuffer.cpp">
      <Filter>Source\RwRenderEngine\RwD3DRenderEngine\BasicClasses\Buffers</Filter>
    </ClCompile>
    <ClCompile Include="D3D1XShaderDefines.cpp">
      <Filter>Source\RwRenderEngine\RwD3DRenderEngine</Filter>
    </ClCompile>
    <ClCompile Include="CVisibilityPluginsRH.cpp">
      <Filter>Source\Games\GTA_SA\GTAClasses</Filter>
    </ClCompile>
    <ClCompile Include="DeferredPipeline.cpp">
      <Filter>Source\Algorithms\Pipelines</Filter>
    </ClCompile>
    <ClCompile Include="ShadowPipeline.cpp">
      <Filter>Source\Algorithms\Pipelines</Filter>
    </ClCompile>
    <ClCompile Include="DeferredRenderer.cpp">
      <Filter>Source\Algorithms\Deferred</Filter>
    </ClCompile>
    <ClCompile Include="CubemapReflectionRenderer.cpp">
      <Filter>Source\Algorithms\Lighting\Reflections</Filter>
    </ClCompile>
    <ClCompile Include="PBSMaterial.cpp">
      <Filter>Source\Algorithms\Materials</Filter>
    </ClCompile>
    <ClCompile Include="LightManager.cpp">
      <Filter>Source\Algorithms\Lighting</Filter>
    </ClCompile>
    <ClCompile Include="VolumetricLighting.cpp">
      <Filter>Source\Algorithms\Lighting</Filter>
    </ClCompile>
    <ClCompile Include="AmbientOcclusion.cpp">
      <Filter>Source\Algorithms\Lighting\AmbientOcclusion</Filter>
    </ClCompile>
    <ClCompile Include="BlurAlgorithms.cpp">
      <Filter>Source\Algorithms\PostProcessing</Filter>
    </ClCompile>
    <ClCompile Include="CRwGameHooks.cpp">
      <Filter>Source\Games</Filter>
    </ClCompile>
    <ClCompile Include="StreamingRH.cpp">
      <Filter>Source\Games\GTA_SA\GTAClasses</Filter>
    </ClCompile>
    <ClCompile Include="GTASAHooks.cpp">
      <Filter>Source\Games\GTA_SA</Filter>
    </ClCompile>
    <ClCompile Include="CloudsRH.cpp">
      <Filter>Source\Games\GTA_SA\GTAClasses</Filter>
    </ClCompile>
    <ClCompile Include="D3D1XDepthStencilTexture.cpp">
      <Filter>Source\RwRenderEngine\RwD3DRenderEngine\BasicClasses\Textures</Filter>
    </ClCompile>
    <ClCompile Include="D3D1XBaseTexture.cpp">
      <Filter>Source\RwRenderEngine\RwD3DRenderEngine\BasicClasses\Textures</Filter>
    </ClCompile>
    <ClCompile Include="D3D1X2DTexture.cpp">
      <Filter>Source\RwRenderEngine\RwD3DRenderEngine\BasicClasses\Textures</Filter>
    </ClCompile>
    <ClCompile Include="D3D1XBackBufferTexture.cpp">
      <Filter>Source\RwRenderEngine\RwD3DRenderEngine\BasicClasses\Textures</Filter>
    </ClCompile>
    <ClCompile Include="D3D1X2DRenderTarget.cpp">
      <Filter>Source\RwRenderEngine\RwD3DRenderEngine\BasicClasses\Textures</Filter>
    </ClCompile>
  </ItemGroup>
  <ItemGroup>
    <Text Include="ReadMe.txt">
      <Filter>Source</Filter>
    </Text>
    <Text Include="shaders\ScreenSpaceReflections.hlsl">
      <Filter>Source\Shaders</Filter>
    </Text>
    <Text Include="shaders\Shadows.hlsl">
      <Filter>Source\Shaders</Filter>
    </Text>
  </ItemGroup>
  <ItemGroup>
    <None Include="shaders\debug.hlsl">
      <Filter>Source\Shaders</Filter>
    </None>
    <None Include="shaders\Deferred.hlsl">
      <Filter>Source\Shaders</Filter>
    </None>
    <None Include="shaders\GameMath.hlsl">
      <Filter>Source\Shaders</Filter>
    </None>
    <None Include="shaders\GBuffer.hlsl">
      <Filter>Source\Shaders</Filter>
    </None>
    <None Include="shaders\Globals.hlsl">
      <Filter>Source\Shaders</Filter>
    </None>
    <None Include="shaders\HDRTonemapping.hlsl">
      <Filter>Source\Shaders</Filter>
    </None>
    <None Include="shaders\LightingFunctions.hlsl">
      <Filter>Source\Shaders</Filter>
    </None>
    <None Include="shaders\Quad.hlsl">
      <Filter>Source\Shaders</Filter>
    </None>
    <None Include="shaders\RwIm2D.hlsl">
      <Filter>Source\Shaders</Filter>
    </None>
    <None Include="shaders\RwIm3D.hlsl">
      <Filter>Source\Shaders</Filter>
    </None>
    <None Include="shaders\RwMain.hlsl">
      <Filter>Source\Shaders</Filter>
    </None>
    <None Include="shaders\RwMainTesselation.hlsl">
      <Filter>Source\Shaders</Filter>
    </None>
    <None Include="shaders\RwSkin.hlsl">
      <Filter>Source\Shaders</Filter>
    </None>
    <None Include="shaders\RwSkinTesselation.hlsl">
      <Filter>Source\Shaders</Filter>
    </None>
    <None Include="shaders\SACustomBuilding.hlsl">
      <Filter>Source\Shaders</Filter>
    </None>
    <None Include="shaders\SACustomBuildingDN.hlsl">
      <Filter>Source\Shaders</Filter>
    </None>
    <None Include="shaders\SACustomCarFX.hlsl">
      <Filter>Source\Shaders</Filter>
    </None>
    <None Include="shaders\SACustomSeabed.hlsl">
      <Filter>Source\Shaders</Filter>
    </None>
    <None Include="shaders\SACustomWater.hlsl">
      <Filter>Source\Shaders</Filter>
    </None>
    <None Include="shaders\VoxelGI.hlsl">
      <Filter>Source\Shaders</Filter>
    </None>
    <None Include="shaders\VoxelizingHelper.hlsl">
      <Filter>Source\Shaders</Filter>
    </None>
    <None Include="shaders\VoxelStuffCS.hlsl">
      <Filter>Source\Shaders</Filter>
    </None>
    <None Include="shaders\AtmosphericScatteringFunctions.hlsli">
      <Filter>Source\Shaders</Filter>
    </None>
    <None Include="shaders\ReflectionFunctions.hlsli">
      <Filter>Source\Shaders</Filter>
    </None>
    <None Include="shaders\VolumetricLighting.hlsl">
      <Filter>Source\Shaders</Filter>
    </None>
    <None Include="shaders\AtmosphericScattering.hlsl">
      <Filter>Source\Shaders</Filter>
    </None>
    <None Include="shaders\AmbientOcclusion.hlsl">
      <Filter>Source\Shaders</Filter>
    </None>
  </ItemGroup>
</Project>