<?xml version="1.0" encoding="utf-8"?>
<Project ToolsVersion="4.0" xmlns="http://schemas.microsoft.com/developer/msbuild/2003">
  <ItemGroup>
    <Filter Include="Исходные файлы">
      <UniqueIdentifier>{4FC737F1-C7A5-4376-A066-2A32D752A2FF}</UniqueIdentifier>
      <Extensions>cpp;c;cc;cxx;def;odl;idl;hpj;bat;asm;asmx</Extensions>
    </Filter>
    <Filter Include="Файлы заголовков">
      <UniqueIdentifier>{93995380-89BD-4b04-88EB-625FBE52EBFB}</UniqueIdentifier>
      <Extensions>h;hh;hpp;hxx;hm;inl;inc;ipp;xsd</Extensions>
    </Filter>
    <Filter Include="Файлы ресурсов">
      <UniqueIdentifier>{67DA6AB6-F800-4c08-8B7A-83BB121AAD01}</UniqueIdentifier>
      <Extensions>rc;ico;cur;bmp;dlg;rc2;rct;bin;rgs;gif;jpg;jpeg;jpe;resx;tiff;tif;png;wav;mfcribbon-ms</Extensions>
    </Filter>
    <Filter Include="Shaders">
      <UniqueIdentifier>{bb1e30d1-d94c-4c18-9c50-4c934dfa322d}</UniqueIdentifier>
    </Filter>
    <Filter Include="Shaders\d3d11">
      <UniqueIdentifier>{01f3af60-6555-43c0-9f46-d227f49293b7}</UniqueIdentifier>
    </Filter>
    <Filter Include="Shaders\d3d11\engine">
      <UniqueIdentifier>{fe7f1a90-f7f3-4c13-aa58-69b39c41f347}</UniqueIdentifier>
    </Filter>
  </ItemGroup>
  <ItemGroup>
    <ClCompile Include="main.cpp">
      <Filter>Исходные файлы</Filter>
    </ClCompile>
    <ClCompile Include="SimpleRayTracingSample.cpp">
      <Filter>Исходные файлы</Filter>
    </ClCompile>
  </ItemGroup>
  <ItemGroup>
    <None Include="DependencyPaths.props" />
  </ItemGroup>
  <ItemGroup>
    <CopyFileToFolders Include="Shaders\d3d11\engine\Im2D.hlsl">
      <Filter>Shaders\d3d11\engine</Filter>
    </CopyFileToFolders>
    <CopyFileToFolders Include="Shaders\d3d11\raytrace.hlsl">
      <Filter>Shaders\d3d11</Filter>
    </CopyFileToFolders>
    <CopyFileToFolders Include="Shaders\d3d11\accumulate.hlsl">
      <Filter>Shaders\d3d11</Filter>
    </CopyFileToFolders>
    <CopyFileToFolders Include="Shaders\d3d11\deferred_pass.hlsl">
      <Filter>Shaders\d3d11</Filter>
    </CopyFileToFolders>
  </ItemGroup>
  <ItemGroup>
    <ClInclude Include="SimpleRayTracingSample.h">
      <Filter>Файлы заголовков</Filter>
    </ClInclude>
  </ItemGroup>
</Project>